
Microsoft Visual Studio Solution File, Format Version 12.00
# Visual Studio Version 16
VisualStudioVersion = 16.0.30413.136
MinimumVisualStudioVersion = 10.0.40219.1
Project("{9A19103F-16F7-4668-BE54-9A1E7A4F7556}") = "BreweryTests", "MMABooksTests\BreweryTests.csproj", "{F3C97E0F-934E-4959-8435-EEFBFE1B0EA1}"
EndProject
Project("{9A19103F-16F7-4668-BE54-9A1E7A4F7556}") = "BreweryLibraryClasses", "MMABooksEFClasses\BreweryLibraryClasses.csproj", "{DB60B5AF-39D7-465F-B286-50A3B7928DFD}"
EndProject
Project("{FAE04EC0-301F-11D3-BF4B-00C04F79EFBC}") = "BreweryRESTAPI", "BreweryRESTAPI\BreweryRESTAPI.csproj", "{A3B5C552-723A-43CF-9A9B-D6CE0EA0E457}"
EndProject
Project("{FAE04EC0-301F-11D3-BF4B-00C04F79EFBC}") = "UWPUIBrewery", "UWPUIBrewery\UWPUIBrewery.csproj", "{8908918B-D7C4-42FC-A246-2151643D1323}"
	ProjectSection(ProjectDependencies) = postProject
		{A3B5C552-723A-43CF-9A9B-D6CE0EA0E457} = {A3B5C552-723A-43CF-9A9B-D6CE0EA0E457}
		{DB60B5AF-39D7-465F-B286-50A3B7928DFD} = {DB60B5AF-39D7-465F-B286-50A3B7928DFD}
	EndProjectSection
EndProject
Global
	GlobalSection(SolutionConfigurationPlatforms) = preSolution
		Debug|Any CPU = Debug|Any CPU
		Debug|ARM = Debug|ARM
		Debug|ARM64 = Debug|ARM64
		Debug|x64 = Debug|x64
		Debug|x86 = Debug|x86
		Release|Any CPU = Release|Any CPU
		Release|ARM = Release|ARM
		Release|ARM64 = Release|ARM64
		Release|x64 = Release|x64
		Release|x86 = Release|x86
	EndGlobalSection
	GlobalSection(ProjectConfigurationPlatforms) = postSolution
		{F3C97E0F-934E-4959-8435-EEFBFE1B0EA1}.Debug|Any CPU.ActiveCfg = Debug|Any CPU
		{F3C97E0F-934E-4959-8435-EEFBFE1B0EA1}.Debug|Any CPU.Build.0 = Debug|Any CPU
		{F3C97E0F-934E-4959-8435-EEFBFE1B0EA1}.Debug|ARM.ActiveCfg = Debug|Any CPU
		{F3C97E0F-934E-4959-8435-EEFBFE1B0EA1}.Debug|ARM.Build.0 = Debug|Any CPU
		{F3C97E0F-934E-4959-8435-EEFBFE1B0EA1}.Debug|ARM64.ActiveCfg = Debug|Any CPU
		{F3C97E0F-934E-4959-8435-EEFBFE1B0EA1}.Debug|ARM64.Build.0 = Debug|Any CPU
		{F3C97E0F-934E-4959-8435-EEFBFE1B0EA1}.Debug|x64.ActiveCfg = Debug|Any CPU
		{F3C97E0F-934E-4959-8435-EEFBFE1B0EA1}.Debug|x64.Build.0 = Debug|Any CPU
		{F3C97E0F-934E-4959-8435-EEFBFE1B0EA1}.Debug|x86.ActiveCfg = Debug|Any CPU
		{F3C97E0F-934E-4959-8435-EEFBFE1B0EA1}.Debug|x86.Build.0 = Debug|Any CPU
		{F3C97E0F-934E-4959-8435-EEFBFE1B0EA1}.Release|Any CPU.ActiveCfg = Release|Any CPU
		{F3C97E0F-934E-4959-8435-EEFBFE1B0EA1}.Release|Any CPU.Build.0 = Release|Any CPU
		{F3C97E0F-934E-4959-8435-EEFBFE1B0EA1}.Release|ARM.ActiveCfg = Release|Any CPU
		{F3C97E0F-934E-4959-8435-EEFBFE1B0EA1}.Release|ARM.Build.0 = Release|Any CPU
		{F3C97E0F-934E-4959-8435-EEFBFE1B0EA1}.Release|ARM64.ActiveCfg = Release|Any CPU
		{F3C97E0F-934E-4959-8435-EEFBFE1B0EA1}.Release|ARM64.Build.0 = Release|Any CPU
		{F3C97E0F-934E-4959-8435-EEFBFE1B0EA1}.Release|x64.ActiveCfg = Release|Any CPU
		{F3C97E0F-934E-4959-8435-EEFBFE1B0EA1}.Release|x64.Build.0 = Release|Any CPU
		{F3C97E0F-934E-4959-8435-EEFBFE1B0EA1}.Release|x86.ActiveCfg = Release|Any CPU
		{F3C97E0F-934E-4959-8435-EEFBFE1B0EA1}.Release|x86.Build.0 = Release|Any CPU
		{DB60B5AF-39D7-465F-B286-50A3B7928DFD}.Debug|Any CPU.ActiveCfg = Debug|Any CPU
		{DB60B5AF-39D7-465F-B286-50A3B7928DFD}.Debug|Any CPU.Build.0 = Debug|Any CPU
		{DB60B5AF-39D7-465F-B286-50A3B7928DFD}.Debug|ARM.ActiveCfg = Debug|Any CPU
		{DB60B5AF-39D7-465F-B286-50A3B7928DFD}.Debug|ARM.Build.0 = Debug|Any CPU
		{DB60B5AF-39D7-465F-B286-50A3B7928DFD}.Debug|ARM64.ActiveCfg = Debug|Any CPU
		{DB60B5AF-39D7-465F-B286-50A3B7928DFD}.Debug|ARM64.Build.0 = Debug|Any CPU
		{DB60B5AF-39D7-465F-B286-50A3B7928DFD}.Debug|x64.ActiveCfg = Debug|Any CPU
		{DB60B5AF-39D7-465F-B286-50A3B7928DFD}.Debug|x64.Build.0 = Debug|Any CPU
		{DB60B5AF-39D7-465F-B286-50A3B7928DFD}.Debug|x86.ActiveCfg = Debug|Any CPU
		{DB60B5AF-39D7-465F-B286-50A3B7928DFD}.Debug|x86.Build.0 = Debug|Any CPU
		{DB60B5AF-39D7-465F-B286-50A3B7928DFD}.Release|Any CPU.ActiveCfg = Release|Any CPU
		{DB60B5AF-39D7-465F-B286-50A3B7928DFD}.Release|Any CPU.Build.0 = Release|Any CPU
		{DB60B5AF-39D7-465F-B286-50A3B7928DFD}.Release|ARM.ActiveCfg = Release|Any CPU
		{DB60B5AF-39D7-465F-B286-50A3B7928DFD}.Release|ARM.Build.0 = Release|Any CPU
		{DB60B5AF-39D7-465F-B286-50A3B7928DFD}.Release|ARM64.ActiveCfg = Release|Any CPU
		{DB60B5AF-39D7-465F-B286-50A3B7928DFD}.Release|ARM64.Build.0 = Release|Any CPU
		{DB60B5AF-39D7-465F-B286-50A3B7928DFD}.Release|x64.ActiveCfg = Release|Any CPU
		{DB60B5AF-39D7-465F-B286-50A3B7928DFD}.Release|x64.Build.0 = Release|Any CPU
		{DB60B5AF-39D7-465F-B286-50A3B7928DFD}.Release|x86.ActiveCfg = Release|Any CPU
		{DB60B5AF-39D7-465F-B286-50A3B7928DFD}.Release|x86.Build.0 = Release|Any CPU
		{A3B5C552-723A-43CF-9A9B-D6CE0EA0E457}.Debug|Any CPU.ActiveCfg = Debug|Any CPU
		{A3B5C552-723A-43CF-9A9B-D6CE0EA0E457}.Debug|Any CPU.Build.0 = Debug|Any CPU
		{A3B5C552-723A-43CF-9A9B-D6CE0EA0E457}.Debug|ARM.ActiveCfg = Debug|Any CPU
		{A3B5C552-723A-43CF-9A9B-D6CE0EA0E457}.Debug|ARM.Build.0 = Debug|Any CPU
		{A3B5C552-723A-43CF-9A9B-D6CE0EA0E457}.Debug|ARM64.ActiveCfg = Debug|Any CPU
		{A3B5C552-723A-43CF-9A9B-D6CE0EA0E457}.Debug|ARM64.Build.0 = Debug|Any CPU
		{A3B5C552-723A-43CF-9A9B-D6CE0EA0E457}.Debug|x64.ActiveCfg = Debug|Any CPU
		{A3B5C552-723A-43CF-9A9B-D6CE0EA0E457}.Debug|x64.Build.0 = Debug|Any CPU
		{A3B5C552-723A-43CF-9A9B-D6CE0EA0E457}.Debug|x86.ActiveCfg = Debug|Any CPU
		{A3B5C552-723A-43CF-9A9B-D6CE0EA0E457}.Debug|x86.Build.0 = Debug|Any CPU
		{A3B5C552-723A-43CF-9A9B-D6CE0EA0E457}.Release|Any CPU.ActiveCfg = Release|Any CPU
		{A3B5C552-723A-43CF-9A9B-D6CE0EA0E457}.Release|Any CPU.Build.0 = Release|Any CPU
		{A3B5C552-723A-43CF-9A9B-D6CE0EA0E457}.Release|ARM.ActiveCfg = Release|Any CPU
		{A3B5C552-723A-43CF-9A9B-D6CE0EA0E457}.Release|ARM.Build.0 = Release|Any CPU
		{A3B5C552-723A-43CF-9A9B-D6CE0EA0E457}.Release|ARM64.ActiveCfg = Release|Any CPU
		{A3B5C552-723A-43CF-9A9B-D6CE0EA0E457}.Release|ARM64.Build.0 = Release|Any CPU
		{A3B5C552-723A-43CF-9A9B-D6CE0EA0E457}.Release|x64.ActiveCfg = Release|Any CPU
		{A3B5C552-723A-43CF-9A9B-D6CE0EA0E457}.Release|x64.Build.0 = Release|Any CPU
		{A3B5C552-723A-43CF-9A9B-D6CE0EA0E457}.Release|x86.ActiveCfg = Release|Any CPU
		{A3B5C552-723A-43CF-9A9B-D6CE0EA0E457}.Release|x86.Build.0 = Release|Any CPU
		{8908918B-D7C4-42FC-A246-2151643D1323}.Debug|Any CPU.ActiveCfg = Debug|x86
		{8908918B-D7C4-42FC-A246-2151643D1323}.Debug|ARM.ActiveCfg = Debug|ARM
		{8908918B-D7C4-42FC-A246-2151643D1323}.Debug|ARM.Build.0 = Debug|ARM
		{8908918B-D7C4-42FC-A246-2151643D1323}.Debug|ARM.Deploy.0 = Debug|ARM
		{8908918B-D7C4-42FC-A246-2151643D1323}.Debug|ARM64.ActiveCfg = Debug|ARM64
		{8908918B-D7C4-42FC-A246-2151643D1323}.Debug|ARM64.Build.0 = Debug|ARM64
		{8908918B-D7C4-42FC-A246-2151643D1323}.Debug|ARM64.Deploy.0 = Debug|ARM64
		{8908918B-D7C4-42FC-A246-2151643D1323}.Debug|x64.ActiveCfg = Debug|x64
		{8908918B-D7C4-42FC-A246-2151643D1323}.Debug|x64.Build.0 = Debug|x64
		{8908918B-D7C4-42FC-A246-2151643D1323}.Debug|x64.Deploy.0 = Debug|x64
		{8908918B-D7C4-42FC-A246-2151643D1323}.Debug|x86.ActiveCfg = Debug|x86
		{8908918B-D7C4-42FC-A246-2151643D1323}.Debug|x86.Build.0 = Debug|x86
		{8908918B-D7C4-42FC-A246-2151643D1323}.Debug|x86.Deploy.0 = Debug|x86
		{8908918B-D7C4-42FC-A246-2151643D1323}.Release|Any CPU.ActiveCfg = Release|x86
		{8908918B-D7C4-42FC-A246-2151643D1323}.Release|ARM.ActiveCfg = Release|ARM
		{8908918B-D7C4-42FC-A246-2151643D1323}.Release|ARM.Build.0 = Release|ARM
		{8908918B-D7C4-42FC-A246-2151643D1323}.Release|ARM.Deploy.0 = Release|ARM
		{8908918B-D7C4-42FC-A246-2151643D1323}.Release|ARM64.ActiveCfg = Release|ARM64
		{8908918B-D7C4-42FC-A246-2151643D1323}.Release|ARM64.Build.0 = Release|ARM64
		{8908918B-D7C4-42FC-A246-2151643D1323}.Release|ARM64.Deploy.0 = Release|ARM64
		{8908918B-D7C4-42FC-A246-2151643D1323}.Release|x64.ActiveCfg = Release|x64
		{8908918B-D7C4-42FC-A246-2151643D1323}.Release|x64.Build.0 = Release|x64
		{8908918B-D7C4-42FC-A246-2151643D1323}.Release|x64.Deploy.0 = Release|x64
		{8908918B-D7C4-42FC-A246-2151643D1323}.Release|x86.ActiveCfg = Release|x86
		{8908918B-D7C4-42FC-A246-2151643D1323}.Release|x86.Build.0 = Release|x86
		{8908918B-D7C4-42FC-A246-2151643D1323}.Release|x86.Deploy.0 = Release|x86
	EndGlobalSection
	GlobalSection(SolutionProperties) = preSolution
		HideSolutionNode = FALSE
	EndGlobalSection
	GlobalSection(ExtensibilityGlobals) = postSolution
		SolutionGuid = {0A44A93E-0056-43D9-AD38-8A6858658E27}
	EndGlobalSection
EndGlobal
